
Microsoft Visual Studio Solution File, Format Version 12.00
# Visual Studio Version 17
VisualStudioVersion = 17.2.32630.192
MinimumVisualStudioVersion = 10.0.40219.1
Project("{FAE04EC0-301F-11D3-BF4B-00C04F79EFBC}") = "Jogo_da_velha", "Jogo_da_velha.csproj", "{37C840DF-D42B-400A-BBD5-5A90EC1AE2C5}"
EndProject
Global
	GlobalSection(SolutionConfigurationPlatforms) = preSolution
		Debug|Any CPU = Debug|Any CPU
		Release|Any CPU = Release|Any CPU
	EndGlobalSection
	GlobalSection(ProjectConfigurationPlatforms) = postSolution
		{37C840DF-D42B-400A-BBD5-5A90EC1AE2C5}.Debug|Any CPU.ActiveCfg = Debug|Any CPU
		{37C840DF-D42B-400A-BBD5-5A90EC1AE2C5}.Debug|Any CPU.Build.0 = Debug|Any CPU
		{37C840DF-D42B-400A-BBD5-5A90EC1AE2C5}.Release|Any CPU.ActiveCfg = Release|Any CPU
		{37C840DF-D42B-400A-BBD5-5A90EC1AE2C5}.Release|Any CPU.Build.0 = Release|Any CPU
	EndGlobalSection
	GlobalSection(SolutionProperties) = preSolution
		HideSolutionNode = FALSE
	EndGlobalSection
	GlobalSection(ExtensibilityGlobals) = postSolution
		SolutionGuid = {43C59F57-A0DE-4E80-A389-34C48265980B}
	EndGlobalSection
EndGlobal
